// !$*UTF8*$!
{
	archiveVersion = 1;
	classes = {
	};
	objectVersion = 46;
	objects = {

/* Begin PBXBuildFile section */
		8282D7351D3717E6006915DB /* AppDelegate.swift in Sources */ = {isa = PBXBuildFile; fileRef = 8282D7341D3717E6006915DB /* AppDelegate.swift */; };
		8282D7371D3717E6006915DB /* ViewController.swift in Sources */ = {isa = PBXBuildFile; fileRef = 8282D7361D3717E6006915DB /* ViewController.swift */; };
		8282D73A1D3717E6006915DB /* Main.storyboard in Resources */ = {isa = PBXBuildFile; fileRef = 8282D7381D3717E6006915DB /* Main.storyboard */; };
		8282D73D1D3717E6006915DB /* Login.xcdatamodeld in Sources */ = {isa = PBXBuildFile; fileRef = 8282D73B1D3717E6006915DB /* Login.xcdatamodeld */; };
		8282D73F1D3717E6006915DB /* Assets.xcassets in Resources */ = {isa = PBXBuildFile; fileRef = 8282D73E1D3717E6006915DB /* Assets.xcassets */; };
		8282D7421D3717E6006915DB /* LaunchScreen.storyboard in Resources */ = {isa = PBXBuildFile; fileRef = 8282D7401D3717E6006915DB /* LaunchScreen.storyboard */; };
/* End PBXBuildFile section */

/* Begin PBXFileReference section */
		8282D7311D3717E6006915DB /* Login.app */ = {isa = PBXFileReference; explicitFileType = wrapper.application; includeInIndex = 0; path = Login.app; sourceTree = BUILT_PRODUCTS_DIR; };
		8282D7341D3717E6006915DB /* AppDelegate.swift */ = {isa = PBXFileReference; lastKnownFileType = sourcecode.swift; path = AppDelegate.swift; sourceTree = "<group>"; };
		8282D7361D3717E6006915DB /* ViewController.swift */ = {isa = PBXFileReference; lastKnownFileType = sourcecode.swift; path = ViewController.swift; sourceTree = "<group>"; };
		8282D7391D3717E6006915DB /* Base */ = {isa = PBXFileReference; lastKnownFileType = file.storyboard; name = Base; path = Base.lproj/Main.storyboard; sourceTree = "<group>"; };
		8282D73C1D3717E6006915DB /* Login.xcdatamodel */ = {isa = PBXFileReference; lastKnownFileType = wrapper.xcdatamodel; path = Login.xcdatamodel; sourceTree = "<group>"; };
		8282D73E1D3717E6006915DB /* Assets.xcassets */ = {isa = PBXFileReference; lastKnownFileType = folder.assetcatalog; path = Assets.xcassets; sourceTree = "<group>"; };
		8282D7411D3717E6006915DB /* Base */ = {isa = PBXFileReference; lastKnownFileType = file.storyboard; name = Base; path = Base.lproj/LaunchScreen.storyboard; sourceTree = "<group>"; };
		8282D7431D3717E6006915DB /* Info.plist */ = {isa = PBXFileReference; lastKnownFileType = text.plist.xml; path = Info.plist; sourceTree = "<group>"; };
/* End PBXFileReference section */

/* Begin PBXFrameworksBuildPhase section */
		8282D72E1D3717E6006915DB /* Frameworks */ = {
			isa = PBXFrameworksBuildPhase;
			buildActionMask = 2147483647;
			files = (
			);
			runOnlyForDeploymentPostprocessing = 0;
		};
/* End PBXFrameworksBuildPhase section */

/* Begin PBXGroup section */
		8282D7281D3717E6006915DB = {
			isa = PBXGroup;
			children = (
				8282D7331D3717E6006915DB /* Login */,
				8282D7321D3717E6006915DB /* Products */,
			);
			sourceTree = "<group>";
		};
		8282D7321D3717E6006915DB /* Products */ = {
			isa = PBXGroup;
			children = (
				8282D7311D3717E6006915DB /* Login.app */,
			);
			name = Products;
			sourceTree = "<group>";
		};
		8282D7331D3717E6006915DB /* Login */ = {
			isa = PBXGroup;
			children = (
				8282D7341D3717E6006915DB /* AppDelegate.swift */,
				8282D7361D3717E6006915DB /* ViewController.swift */,
				8282D7381D3717E6006915DB /* Main.storyboard */,
				8282D73E1D3717E6006915DB /* Assets.xcassets */,
				8282D7401D3717E6006915DB /* LaunchScreen.storyboard */,
				8282D7431D3717E6006915DB /* Info.plist */,
				8282D73B1D3717E6006915DB /* Login.xcdatamodeld */,
			);
			path = Login;
			sourceTree = "<group>";
		};
/* End PBXGroup section */

/* Begin PBXNativeTarget section */
		8282D7301D3717E6006915DB /* Login */ = {
			isa = PBXNativeTarget;
			buildConfigurationList = 8282D7461D3717E6006915DB /* Build configuration list for PBXNativeTarget "Login" */;
			buildPhases = (
				8282D72D1D3717E6006915DB /* Sources */,
				8282D72E1D3717E6006915DB /* Frameworks */,
				8282D72F1D3717E6006915DB /* Resources */,
			);
			buildRules = (
			);
			dependencies = (
			);
			name = Login;
			productName = Login;
			productReference = 8282D7311D3717E6006915DB /* Login.app */;
			productType = "com.apple.product-type.application";
		};
/* End PBXNativeTarget section */

/* Begin PBXProject section */
		8282D7291D3717E6006915DB /* Project object */ = {
			isa = PBXProject;
			attributes = {
				LastSwiftUpdateCheck = 0730;
				LastUpgradeCheck = 0730;
				TargetAttributes = {
					8282D7301D3717E6006915DB = {
						CreatedOnToolsVersion = 7.3.1;
						DevelopmentTeam = 5JR4XX68PE;
					};
				};
			};
			buildConfigurationList = 8282D72C1D3717E6006915DB /* Build configuration list for PBXProject "Login" */;
			compatibilityVersion = "Xcode 3.2";
			developmentRegion = English;
			hasScannedForEncodings = 0;
			knownRegions = (
				en,
				Base,
			);
			mainGroup = 8282D7281D3717E6006915DB;
			productRefGroup = 8282D7321D3717E6006915DB /* Products */;
			projectDirPath = "";
			projectRoot = "";
			targets = (
				8282D7301D3717E6006915DB /* Login */,
			);
		};
/* End PBXProject section */

/* Begin PBXResourcesBuildPhase section */
		8282D72F1D3717E6006915DB /* Resources */ = {
			isa = PBXResourcesBuildPhase;
			buildActionMask = 2147483647;
			files = (
				8282D7421D3717E6006915DB /* LaunchScreen.storyboard in Resources */,
				8282D73F1D3717E6006915DB /* Assets.xcassets in Resources */,
				8282D73A1D3717E6006915DB /* Main.storyboard in Resources */,
			);
			runOnlyForDeploymentPostprocessing = 0;
		};
/* End PBXResourcesBuildPhase section */

/* Begin PBXSourcesBuildPhase section */
		8282D72D1D3717E6006915DB /* Sources */ = {
			isa = PBXSourcesBuildPhase;
			buildActionMask = 2147483647;
			files = (
				8282D7371D3717E6006915DB /* ViewController.swift in Sources */,
				8282D7351D3717E6006915DB /* AppDelegate.swift in Sources */,
				8282D73D1D3717E6006915DB /* Login.xcdatamodeld in Sources */,
			);
			runOnlyForDeploymentPostprocessing = 0;
		};
/* End PBXSourcesBuildPhase section */

/* Begin PBXVariantGroup section */
		8282D7381D3717E6006915DB /* Main.storyboard */ = {
			isa = PBXVariantGroup;
			children = (
				8282D7391D3717E6006915DB /* Base */,
			);
			name = Main.storyboard;
			sourceTree = "<group>";
		};
		8282D7401D3717E6006915DB /* LaunchScreen.storyboard */ = {
			isa = PBXVariantGroup;
			children = (
				8282D7411D3717E6006915DB /* Base */,
			);
			name = LaunchScreen.storyboard;
			sourceTree = "<group>";
		};
/* End PBXVariantGroup section */

/* Begin XCBuildConfiguration section */
		8282D7441D3717E6006915DB /* Debug */ = {
			isa = XCBuildConfiguration;
			buildSettings = {
				ALWAYS_SEARCH_USER_PATHS = NO;
				CLANG_ANALYZER_NONNULL = YES;
				CLANG_CXX_LANGUAGE_STANDARD = "gnu++0x";
				CLANG_CXX_LIBRARY = "libc++";
				CLANG_ENABLE_MODULES = YES;
				CLANG_ENABLE_OBJC_ARC = YES;
				CLANG_WARN_BOOL_CONVERSION = YES;
				CLANG_WARN_CONSTANT_CONVERSION = YES;
				CLANG_WARN_DIRECT_OBJC_ISA_USAGE = YES_ERROR;
				CLANG_WARN_EMPTY_BODY = YES;
				CLANG_WARN_ENUM_CONVERSION = YES;
				CLANG_WARN_INT_CONVERSION = YES;
				CLANG_WARN_OBJC_ROOT_CLASS = YES_ERROR;
				CLANG_WARN_UNREACHABLE_CODE = YES;
				CLANG_WARN__DUPLICATE_METHOD_MATCH = YES;
				"CODE_SIGN_IDENTITY[sdk=iphoneos*]" = "iPhone Developer";
				COPY_PHASE_STRIP = NO;
				DEBUG_INFORMATION_FORMAT = dwarf;
				ENABLE_STRICT_OBJC_MSGSEND = YES;
				ENABLE_TESTABILITY = YES;
				GCC_C_LANGUAGE_STANDARD = gnu99;
				GCC_DYNAMIC_NO_PIC = NO;
				GCC_NO_COMMON_BLOCKS = YES;
				GCC_OPTIMIZATION_LEVEL = 0;
				GCC_PREPROCESSOR_DEFINITIONS = (
					"DEBUG=1",
					"$(inherited)",
				);
				GCC_WARN_64_TO_32_BIT_CONVERSION = YES;
				GCC_WARN_ABOUT_RETURN_TYPE = YES_ERROR;
				GCC_WARN_UNDECLARED_SELECTOR = YES;
				GCC_WARN_UNINITIALIZED_AUTOS = YES_AGGRESSIVE;
				GCC_WARN_UNUSED_FUNCTION = YES;
				GCC_WARN_UNUSED_VARIABLE = YES;
				IPHONEOS_DEPLOYMENT_TARGET = 9.3;
				MTL_ENABLE_DEBUG_INFO = YES;
				ONLY_ACTIVE_ARCH = YES;
				SDKROOT = iphoneos;
				SWIFT_OPTIMIZATION_LEVEL = "-Onone";
			};
			name = Debug;
		};
		8282D7451D3717E6006915DB /* Release */ = {
			isa = XCBuildConfiguration;
			buildSettings = {
				ALWAYS_SEARCH_USER_PATHS = NO;
				CLANG_ANALYZER_NONNULL = YES;
				CLANG_CXX_LANGUAGE_STANDARD = "gnu++0x";
				CLANG_CXX_LIBRARY = "libc++";
				CLANG_ENABLE_MODULES = YES;
				CLANG_ENABLE_OBJC_ARC = YES;
				CLANG_WARN_BOOL_CONVERSION = YES;
				CLANG_WARN_CONSTANT_CONVERSION = YES;
				CLANG_WARN_DIRECT_OBJC_ISA_USAGE = YES_ERROR;
				CLANG_WARN_EMPTY_BODY = YES;
				CLANG_WARN_ENUM_CONVERSION = YES;
				CLANG_WARN_INT_CONVERSION = YES;
				CLANG_WARN_OBJC_ROOT_CLASS = YES_ERROR;
				CLANG_WARN_UNREACHABLE_CODE = YES;
				CLANG_WARN__DUPLICATE_METHOD_MATCH = YES;
				"CODE_SIGN_IDENTITY[sdk=iphoneos*]" = "iPhone Developer";
				COPY_PHASE_STRIP = NO;
				DEBUG_INFORMATION_FORMAT = "dwarf-with-dsym";
				ENABLE_NS_ASSERTIONS = NO;
				ENABLE_STRICT_OBJC_MSGSEND = YES;
				GCC_C_LANGUAGE_STANDARD = gnu99;
				GCC_NO_COMMON_BLOCKS = YES;
				GCC_WARN_64_TO_32_BIT_CONVERSION = YES;
				GCC_WARN_ABOUT_RETURN_TYPE = YES_ERROR;
				GCC_WARN_UNDECLARED_SELECTOR = YES;
				GCC_WARN_UNINITIALIZED_AUTOS = YES_AGGRESSIVE;
				GCC_WARN_UNUSED_FUNCTION = YES;
				GCC_WARN_UNUSED_VARIABLE = YES;
				IPHONEOS_DEPLOYMENT_TARGET = 9.3;
				MTL_ENABLE_DEBUG_INFO = NO;
				SDKROOT = iphoneos;
				VALIDATE_PRODUCT = YES;
			};
			name = Release;
		};
		8282D7471D3717E6006915DB /* Debug */ = {
			isa = XCBuildConfiguration;
			buildSettings = {
				ASSETCATALOG_COMPILER_APPICON_NAME = AppIcon;
				INFOPLIST_FILE = Login/Info.plist;
				LD_RUNPATH_SEARCH_PATHS = "$(inherited) @executable_path/Frameworks";
				PRODUCT_BUNDLE_IDENTIFIER = tristan.Login;
				PRODUCT_NAME = "$(TARGET_NAME)";
			};
			name = Debug;
		};
		8282D7481D3717E6006915DB /* Release */ = {
			isa = XCBuildConfiguration;
			buildSettings = {
				ASSETCATALOG_COMPILER_APPICON_NAME = AppIcon;
				INFOPLIST_FILE = Login/Info.plist;
				LD_RUNPATH_SEARCH_PATHS = "$(inherited) @executable_path/Frameworks";
				PRODUCT_BUNDLE_IDENTIFIER = tristan.Login;
				PRODUCT_NAME = "$(TARGET_NAME)";
			};
			name = Release;
		};
/* End XCBuildConfiguration section */

/* Begin XCConfigurationList section */
		8282D72C1D3717E6006915DB /* Build configuration list for PBXProject "Login" */ = {
			isa = XCConfigurationList;
			buildConfigurations = (
				8282D7441D3717E6006915DB /* Debug */,
				8282D7451D3717E6006915DB /* Release */,
			);
			defaultConfigurationIsVisible = 0;
			defaultConfigurationName = Release;
		};
		8282D7461D3717E6006915DB /* Build configuration list for PBXNativeTarget "Login" */ = {
			isa = XCConfigurationList;
			buildConfigurations = (
				8282D7471D3717E6006915DB /* Debug */,
				8282D7481D3717E6006915DB /* Release */,
			);
			defaultConfigurationIsVisible = 0;
		};
/* End XCConfigurationList section */

/* Begin XCVersionGroup section */
		8282D73B1D3717E6006915DB /* Login.xcdatamodeld */ = {
			isa = XCVersionGroup;
			children = (
				8282D73C1D3717E6006915DB /* Login.xcdatamodel */,
			);
			currentVersion = 8282D73C1D3717E6006915DB /* Login.xcdatamodel */;
			path = Login.xcdatamodeld;
			sourceTree = "<group>";
			versionGroupType = wrapper.xcdatamodel;
		};
/* End XCVersionGroup section */
	};
	rootObject = 8282D7291D3717E6006915DB /* Project object */;
}
