// !$*UTF8*$!
{
	archiveVersion = 1;
	classes = {
	};
	objectVersion = 46;
	objects = {

/* Begin PBXBuildFile section */
		82503DA61C29B86E00F0A5CF /* AppDelegate.m in Sources */ = {isa = PBXBuildFile; fileRef = 82503DA51C29B86E00F0A5CF /* AppDelegate.m */; };
		82503DA91C29B86E00F0A5CF /* main.m in Sources */ = {isa = PBXBuildFile; fileRef = 82503DA81C29B86E00F0A5CF /* main.m */; };
		82503DAC1C29B86E00F0A5CF /* ViewController.m in Sources */ = {isa = PBXBuildFile; fileRef = 82503DAB1C29B86E00F0A5CF /* ViewController.m */; };
		82503DAE1C29B86E00F0A5CF /* Assets.xcassets in Resources */ = {isa = PBXBuildFile; fileRef = 82503DAD1C29B86E00F0A5CF /* Assets.xcassets */; };
		82503DB11C29B86E00F0A5CF /* Main.storyboard in Resources */ = {isa = PBXBuildFile; fileRef = 82503DAF1C29B86E00F0A5CF /* Main.storyboard */; };
		82503DBA1C29B90F00F0A5CF /* CountCharactersDelegate.m in Sources */ = {isa = PBXBuildFile; fileRef = 82503DB91C29B90F00F0A5CF /* CountCharactersDelegate.m */; };
/* End PBXBuildFile section */

/* Begin PBXFileReference section */
		82503DA11C29B86E00F0A5CF /* CountCharacters.app */ = {isa = PBXFileReference; explicitFileType = wrapper.application; includeInIndex = 0; path = CountCharacters.app; sourceTree = BUILT_PRODUCTS_DIR; };
		82503DA41C29B86E00F0A5CF /* AppDelegate.h */ = {isa = PBXFileReference; lastKnownFileType = sourcecode.c.h; path = AppDelegate.h; sourceTree = "<group>"; };
		82503DA51C29B86E00F0A5CF /* AppDelegate.m */ = {isa = PBXFileReference; lastKnownFileType = sourcecode.c.objc; path = AppDelegate.m; sourceTree = "<group>"; };
		82503DA81C29B86E00F0A5CF /* main.m */ = {isa = PBXFileReference; lastKnownFileType = sourcecode.c.objc; path = main.m; sourceTree = "<group>"; };
		82503DAA1C29B86E00F0A5CF /* ViewController.h */ = {isa = PBXFileReference; lastKnownFileType = sourcecode.c.h; path = ViewController.h; sourceTree = "<group>"; };
		82503DAB1C29B86E00F0A5CF /* ViewController.m */ = {isa = PBXFileReference; lastKnownFileType = sourcecode.c.objc; path = ViewController.m; sourceTree = "<group>"; };
		82503DAD1C29B86E00F0A5CF /* Assets.xcassets */ = {isa = PBXFileReference; lastKnownFileType = folder.assetcatalog; path = Assets.xcassets; sourceTree = "<group>"; };
		82503DB01C29B86E00F0A5CF /* Base */ = {isa = PBXFileReference; lastKnownFileType = file.storyboard; name = Base; path = Base.lproj/Main.storyboard; sourceTree = "<group>"; };
		82503DB21C29B86E00F0A5CF /* Info.plist */ = {isa = PBXFileReference; lastKnownFileType = text.plist.xml; path = Info.plist; sourceTree = "<group>"; };
		82503DB81C29B90F00F0A5CF /* CountCharactersDelegate.h */ = {isa = PBXFileReference; fileEncoding = 4; lastKnownFileType = sourcecode.c.h; path = CountCharactersDelegate.h; sourceTree = "<group>"; };
		82503DB91C29B90F00F0A5CF /* CountCharactersDelegate.m */ = {isa = PBXFileReference; fileEncoding = 4; lastKnownFileType = sourcecode.c.objc; path = CountCharactersDelegate.m; sourceTree = "<group>"; };
/* End PBXFileReference section */

/* Begin PBXFrameworksBuildPhase section */
		82503D9E1C29B86E00F0A5CF /* Frameworks */ = {
			isa = PBXFrameworksBuildPhase;
			buildActionMask = 2147483647;
			files = (
			);
			runOnlyForDeploymentPostprocessing = 0;
		};
/* End PBXFrameworksBuildPhase section */

/* Begin PBXGroup section */
		82503D981C29B86E00F0A5CF = {
			isa = PBXGroup;
			children = (
				82503DA31C29B86E00F0A5CF /* CountCharacters */,
				82503DA21C29B86E00F0A5CF /* Products */,
			);
			sourceTree = "<group>";
		};
		82503DA21C29B86E00F0A5CF /* Products */ = {
			isa = PBXGroup;
			children = (
				82503DA11C29B86E00F0A5CF /* CountCharacters.app */,
			);
			name = Products;
			sourceTree = "<group>";
		};
		82503DA31C29B86E00F0A5CF /* CountCharacters */ = {
			isa = PBXGroup;
			children = (
				82503DA41C29B86E00F0A5CF /* AppDelegate.h */,
				82503DA51C29B86E00F0A5CF /* AppDelegate.m */,
				82503DAA1C29B86E00F0A5CF /* ViewController.h */,
				82503DAB1C29B86E00F0A5CF /* ViewController.m */,
				82503DAD1C29B86E00F0A5CF /* Assets.xcassets */,
				82503DAF1C29B86E00F0A5CF /* Main.storyboard */,
				82503DB21C29B86E00F0A5CF /* Info.plist */,
				82503DA71C29B86E00F0A5CF /* Supporting Files */,
				82503DB81C29B90F00F0A5CF /* CountCharactersDelegate.h */,
				82503DB91C29B90F00F0A5CF /* CountCharactersDelegate.m */,
			);
			path = CountCharacters;
			sourceTree = "<group>";
		};
		82503DA71C29B86E00F0A5CF /* Supporting Files */ = {
			isa = PBXGroup;
			children = (
				82503DA81C29B86E00F0A5CF /* main.m */,
			);
			name = "Supporting Files";
			sourceTree = "<group>";
		};
/* End PBXGroup section */

/* Begin PBXNativeTarget section */
		82503DA01C29B86E00F0A5CF /* CountCharacters */ = {
			isa = PBXNativeTarget;
			buildConfigurationList = 82503DB51C29B86E00F0A5CF /* Build configuration list for PBXNativeTarget "CountCharacters" */;
			buildPhases = (
				82503D9D1C29B86E00F0A5CF /* Sources */,
				82503D9E1C29B86E00F0A5CF /* Frameworks */,
				82503D9F1C29B86E00F0A5CF /* Resources */,
			);
			buildRules = (
			);
			dependencies = (
			);
			name = CountCharacters;
			productName = CountCharacters;
			productReference = 82503DA11C29B86E00F0A5CF /* CountCharacters.app */;
			productType = "com.apple.product-type.application";
		};
/* End PBXNativeTarget section */

/* Begin PBXProject section */
		82503D991C29B86E00F0A5CF /* Project object */ = {
			isa = PBXProject;
			attributes = {
				LastUpgradeCheck = 0720;
				ORGANIZATIONNAME = "Yan, Tristan";
				TargetAttributes = {
					82503DA01C29B86E00F0A5CF = {
						CreatedOnToolsVersion = 7.2;
					};
				};
			};
			buildConfigurationList = 82503D9C1C29B86E00F0A5CF /* Build configuration list for PBXProject "CountCharacters" */;
			compatibilityVersion = "Xcode 3.2";
			developmentRegion = English;
			hasScannedForEncodings = 0;
			knownRegions = (
				en,
				Base,
			);
			mainGroup = 82503D981C29B86E00F0A5CF;
			productRefGroup = 82503DA21C29B86E00F0A5CF /* Products */;
			projectDirPath = "";
			projectRoot = "";
			targets = (
				82503DA01C29B86E00F0A5CF /* CountCharacters */,
			);
		};
/* End PBXProject section */

/* Begin PBXResourcesBuildPhase section */
		82503D9F1C29B86E00F0A5CF /* Resources */ = {
			isa = PBXResourcesBuildPhase;
			buildActionMask = 2147483647;
			files = (
				82503DAE1C29B86E00F0A5CF /* Assets.xcassets in Resources */,
				82503DB11C29B86E00F0A5CF /* Main.storyboard in Resources */,
			);
			runOnlyForDeploymentPostprocessing = 0;
		};
/* End PBXResourcesBuildPhase section */

/* Begin PBXSourcesBuildPhase section */
		82503D9D1C29B86E00F0A5CF /* Sources */ = {
			isa = PBXSourcesBuildPhase;
			buildActionMask = 2147483647;
			files = (
				82503DBA1C29B90F00F0A5CF /* CountCharactersDelegate.m in Sources */,
				82503DAC1C29B86E00F0A5CF /* ViewController.m in Sources */,
				82503DA91C29B86E00F0A5CF /* main.m in Sources */,
				82503DA61C29B86E00F0A5CF /* AppDelegate.m in Sources */,
			);
			runOnlyForDeploymentPostprocessing = 0;
		};
/* End PBXSourcesBuildPhase section */

/* Begin PBXVariantGroup section */
		82503DAF1C29B86E00F0A5CF /* Main.storyboard */ = {
			isa = PBXVariantGroup;
			children = (
				82503DB01C29B86E00F0A5CF /* Base */,
			);
			name = Main.storyboard;
			sourceTree = "<group>";
		};
/* End PBXVariantGroup section */

/* Begin XCBuildConfiguration section */
		82503DB31C29B86E00F0A5CF /* Debug */ = {
			isa = XCBuildConfiguration;
			buildSettings = {
				ALWAYS_SEARCH_USER_PATHS = NO;
				CLANG_CXX_LANGUAGE_STANDARD = "gnu++0x";
				CLANG_CXX_LIBRARY = "libc++";
				CLANG_ENABLE_MODULES = YES;
				CLANG_ENABLE_OBJC_ARC = YES;
				CLANG_WARN_BOOL_CONVERSION = YES;
				CLANG_WARN_CONSTANT_CONVERSION = YES;
				CLANG_WARN_DIRECT_OBJC_ISA_USAGE = YES_ERROR;
				CLANG_WARN_EMPTY_BODY = YES;
				CLANG_WARN_ENUM_CONVERSION = YES;
				CLANG_WARN_INT_CONVERSION = YES;
				CLANG_WARN_OBJC_ROOT_CLASS = YES_ERROR;
				CLANG_WARN_UNREACHABLE_CODE = YES;
				CLANG_WARN__DUPLICATE_METHOD_MATCH = YES;
				CODE_SIGN_IDENTITY = "-";
				COPY_PHASE_STRIP = NO;
				DEBUG_INFORMATION_FORMAT = dwarf;
				ENABLE_STRICT_OBJC_MSGSEND = YES;
				ENABLE_TESTABILITY = YES;
				GCC_C_LANGUAGE_STANDARD = gnu99;
				GCC_DYNAMIC_NO_PIC = NO;
				GCC_NO_COMMON_BLOCKS = YES;
				GCC_OPTIMIZATION_LEVEL = 0;
				GCC_PREPROCESSOR_DEFINITIONS = (
					"DEBUG=1",
					"$(inherited)",
				);
				GCC_WARN_64_TO_32_BIT_CONVERSION = YES;
				GCC_WARN_ABOUT_RETURN_TYPE = YES_ERROR;
				GCC_WARN_UNDECLARED_SELECTOR = YES;
				GCC_WARN_UNINITIALIZED_AUTOS = YES_AGGRESSIVE;
				GCC_WARN_UNUSED_FUNCTION = YES;
				GCC_WARN_UNUSED_VARIABLE = YES;
				MACOSX_DEPLOYMENT_TARGET = 10.10;
				MTL_ENABLE_DEBUG_INFO = YES;
				ONLY_ACTIVE_ARCH = YES;
				SDKROOT = macosx;
			};
			name = Debug;
		};
		82503DB41C29B86E00F0A5CF /* Release */ = {
			isa = XCBuildConfiguration;
			buildSettings = {
				ALWAYS_SEARCH_USER_PATHS = NO;
				CLANG_CXX_LANGUAGE_STANDARD = "gnu++0x";
				CLANG_CXX_LIBRARY = "libc++";
				CLANG_ENABLE_MODULES = YES;
				CLANG_ENABLE_OBJC_ARC = YES;
				CLANG_WARN_BOOL_CONVERSION = YES;
				CLANG_WARN_CONSTANT_CONVERSION = YES;
				CLANG_WARN_DIRECT_OBJC_ISA_USAGE = YES_ERROR;
				CLANG_WARN_EMPTY_BODY = YES;
				CLANG_WARN_ENUM_CONVERSION = YES;
				CLANG_WARN_INT_CONVERSION = YES;
				CLANG_WARN_OBJC_ROOT_CLASS = YES_ERROR;
				CLANG_WARN_UNREACHABLE_CODE = YES;
				CLANG_WARN__DUPLICATE_METHOD_MATCH = YES;
				CODE_SIGN_IDENTITY = "-";
				COPY_PHASE_STRIP = NO;
				DEBUG_INFORMATION_FORMAT = "dwarf-with-dsym";
				ENABLE_NS_ASSERTIONS = NO;
				ENABLE_STRICT_OBJC_MSGSEND = YES;
				GCC_C_LANGUAGE_STANDARD = gnu99;
				GCC_NO_COMMON_BLOCKS = YES;
				GCC_WARN_64_TO_32_BIT_CONVERSION = YES;
				GCC_WARN_ABOUT_RETURN_TYPE = YES_ERROR;
				GCC_WARN_UNDECLARED_SELECTOR = YES;
				GCC_WARN_UNINITIALIZED_AUTOS = YES_AGGRESSIVE;
				GCC_WARN_UNUSED_FUNCTION = YES;
				GCC_WARN_UNUSED_VARIABLE = YES;
				MACOSX_DEPLOYMENT_TARGET = 10.10;
				MTL_ENABLE_DEBUG_INFO = NO;
				SDKROOT = macosx;
			};
			name = Release;
		};
		82503DB61C29B86E00F0A5CF /* Debug */ = {
			isa = XCBuildConfiguration;
			buildSettings = {
				ASSETCATALOG_COMPILER_APPICON_NAME = AppIcon;
				COMBINE_HIDPI_IMAGES = YES;
				INFOPLIST_FILE = CountCharacters/Info.plist;
				LD_RUNPATH_SEARCH_PATHS = "$(inherited) @executable_path/../Frameworks";
				PRODUCT_BUNDLE_IDENTIFIER = Intuit.CountCharacters;
				PRODUCT_NAME = "$(TARGET_NAME)";
			};
			name = Debug;
		};
		82503DB71C29B86E00F0A5CF /* Release */ = {
			isa = XCBuildConfiguration;
			buildSettings = {
				ASSETCATALOG_COMPILER_APPICON_NAME = AppIcon;
				COMBINE_HIDPI_IMAGES = YES;
				INFOPLIST_FILE = CountCharacters/Info.plist;
				LD_RUNPATH_SEARCH_PATHS = "$(inherited) @executable_path/../Frameworks";
				PRODUCT_BUNDLE_IDENTIFIER = Intuit.CountCharacters;
				PRODUCT_NAME = "$(TARGET_NAME)";
			};
			name = Release;
		};
/* End XCBuildConfiguration section */

/* Begin XCConfigurationList section */
		82503D9C1C29B86E00F0A5CF /* Build configuration list for PBXProject "CountCharacters" */ = {
			isa = XCConfigurationList;
			buildConfigurations = (
				82503DB31C29B86E00F0A5CF /* Debug */,
				82503DB41C29B86E00F0A5CF /* Release */,
			);
			defaultConfigurationIsVisible = 0;
			defaultConfigurationName = Release;
		};
		82503DB51C29B86E00F0A5CF /* Build configuration list for PBXNativeTarget "CountCharacters" */ = {
			isa = XCConfigurationList;
			buildConfigurations = (
				82503DB61C29B86E00F0A5CF /* Debug */,
				82503DB71C29B86E00F0A5CF /* Release */,
			);
			defaultConfigurationIsVisible = 0;
		};
/* End XCConfigurationList section */
	};
	rootObject = 82503D991C29B86E00F0A5CF /* Project object */;
}
